[["version","1"]]
["","git.head",["https://github.com/dagger/eslint"],"3d163b9cfaf9d6a7ccefb63011cc560884f03e66","float"]
["","git.head",["https://github.com/dagger/go"],"5683fb4f7e2e909a453eba727fb982077d5d11b5","float"]
["","git.head",["https://github.com/dagger/prettier"],"10186fcf88311664d7e613d69e29184acb405a23","float"]
["","git.head",["https://github.com/dagger/vitest"],"a91afde4de4073a907ab0d7298570725dd63569d","float"]