[["version","2"]]
["","git-latest",["https://github.com/dagger/eslint"],"refs/heads/main"]
["","git-latest",["https://github.com/dagger/go"],"refs/heads/main"]
["","git-latest",["https://github.com/dagger/prettier"],"refs/heads/main"]
["","git-latest",["https://github.com/dagger/vitest"],"refs/heads/main"]
["","git-sha",["https://github.com/dagger/eslint","refs/heads/main"],"35a0cc0923fdf625608afb1c2b276e00262c0f81"]
["","git-sha",["https://github.com/dagger/go","refs/heads/main"],"8d294186ba876b781ba4abd12d96735d0d0fb331"]
["","git-sha",["https://github.com/dagger/prettier","refs/heads/main"],"a22d2ca5f091ab4cf72aaa3f6664cc2a991502d1"]
["","git-sha",["https://github.com/dagger/vitest","refs/heads/main"],"736010a059e07bd261d6097f8471e5c83a2b84aa"]
["","oci-sha",["docker.io/library/node:25-alpine"],"sha256:bdf2cca6fe3dabd014ea60163eca3f0f7015fbd5c7ee1b0e9ccb4ced6eb02ef4"]